<?xml version="1.0" encoding="utf-8"?>
<Project ToolsVersion="4.0" xmlns="http://schemas.microsoft.com/developer/msbuild/2003">
  <ItemGroup>
    <Filter Include="シェーダーファイル">
      <UniqueIdentifier>{c6ea118f-c962-4e82-add9-8847571b6ce1}</UniqueIdentifier>
    </Filter>
    <Filter Include="scene">
      <UniqueIdentifier>{e16d342a-6275-4783-a760-d90625594fb2}</UniqueIdentifier>
    </Filter>
    <Filter Include="base">
      <UniqueIdentifier>{8622e047-8bc1-449b-9144-ee5f819a0795}</UniqueIdentifier>
    </Filter>
    <Filter Include="collision">
      <UniqueIdentifier>{49e49031-9649-4643-95ac-7e786b6ef4e4}</UniqueIdentifier>
    </Filter>
    <Filter Include="3d">
      <UniqueIdentifier>{a0e40723-7003-4adf-a842-01a37137cf85}</UniqueIdentifier>
    </Filter>
    <Filter Include="main">
      <UniqueIdentifier>{4FC737F1-C7A5-4376-A066-2A32D752A2FF}</UniqueIdentifier>
      <Extensions>cpp;c;cc;cxx;c++;cppm;ixx;def;odl;idl;hpj;bat;asm;asmx</Extensions>
    </Filter>
    <Filter Include="Imgui">
      <UniqueIdentifier>{2d019f57-036d-490a-8e12-95f334e4156a}</UniqueIdentifier>
    </Filter>
    <Filter Include="2d">
      <UniqueIdentifier>{bab2051c-eb5b-4269-838e-189bb91bca0a}</UniqueIdentifier>
    </Filter>
  </ItemGroup>
  <ItemGroup>
    <ClCompile Include="scene\GamePlayScene.cpp">
      <Filter>main</Filter>
    </ClCompile>
    <ClCompile Include="scene\TisGame.cpp">
      <Filter>main</Filter>
    </ClCompile>
    <ClCompile Include="scene\TitleScene.cpp">
      <Filter>main</Filter>
    </ClCompile>
    <ClCompile Include="base\AbstractSceneFactory.cpp">
      <Filter>scene</Filter>
    </ClCompile>
    <ClCompile Include="base\Framework.cpp">
      <Filter>scene</Filter>
    </ClCompile>
    <ClCompile Include="base\SceneFactory.cpp">
      <Filter>scene</Filter>
    </ClCompile>
    <ClCompile Include="base\SceneManager.cpp">
      <Filter>scene</Filter>
    </ClCompile>
    <ClCompile Include="base\Audio.cpp">
      <Filter>base</Filter>
    </ClCompile>
    <ClCompile Include="2d\DebugText.cpp">
      <Filter>base</Filter>
    </ClCompile>
    <ClCompile Include="base\DirectXCommon.cpp">
      <Filter>base</Filter>
    </ClCompile>
    <ClCompile Include="base\Input.cpp">
      <Filter>base</Filter>
    </ClCompile>
    <ClCompile Include="main.cpp">
      <Filter>base</Filter>
    </ClCompile>
    <ClCompile Include="base\WinApp.cpp">
      <Filter>base</Filter>
    </ClCompile>
    <ClCompile Include="collision\Collision.cpp">
      <Filter>collision</Filter>
    </ClCompile>
    <ClCompile Include="collision\BaseCollider.cpp">
      <Filter>collision</Filter>
    </ClCompile>
    <ClCompile Include="collision\CollisionInfo.cpp">
      <Filter>collision</Filter>
    </ClCompile>
    <ClCompile Include="collision\CollisionPrimitive.cpp">
      <Filter>collision</Filter>
    </ClCompile>
    <ClCompile Include="collision\CollisionTypes.cpp">
      <Filter>collision</Filter>
    </ClCompile>
    <ClCompile Include="3d\Material.cpp">
      <Filter>3d</Filter>
    </ClCompile>
    <ClCompile Include="3d\Mesh.cpp">
      <Filter>3d</Filter>
    </ClCompile>
    <ClCompile Include="3d\Model.cpp">
      <Filter>3d</Filter>
    </ClCompile>
    <ClCompile Include="3d\Object3d.cpp">
      <Filter>3d</Filter>
    </ClCompile>
    <ClCompile Include="imgui\imgui.cpp">
      <Filter>Imgui</Filter>
    </ClCompile>
    <ClCompile Include="imgui\imgui_demo.cpp">
      <Filter>Imgui</Filter>
    </ClCompile>
    <ClCompile Include="imgui\imgui_draw.cpp">
      <Filter>Imgui</Filter>
    </ClCompile>
    <ClCompile Include="imgui\imgui_impl_dx12.cpp">
      <Filter>Imgui</Filter>
    </ClCompile>
    <ClCompile Include="imgui\imgui_impl_win32.cpp">
      <Filter>Imgui</Filter>
    </ClCompile>
    <ClCompile Include="imgui\imgui_widgets.cpp">
      <Filter>Imgui</Filter>
    </ClCompile>
    <ClCompile Include="2d\Sprite.cpp">
      <Filter>2d</Filter>
    </ClCompile>
    <ClCompile Include="base\Easing.cpp">
      <Filter>base</Filter>
    </ClCompile>
  </ItemGroup>
  <ItemGroup>
    <ClInclude Include="base\Framework.h">
      <Filter>scene</Filter>
    </ClInclude>
    <ClInclude Include="AbstractSceneFactory.h">
      <Filter>scene</Filter>
    </ClInclude>
    <ClInclude Include="base\BaseScene.h">
      <Filter>scene</Filter>
    </ClInclude>
    <ClInclude Include="SceneFactory.h">
      <Filter>scene</Filter>
    </ClInclude>
    <ClInclude Include="base\SceneManager.h">
      <Filter>scene</Filter>
    </ClInclude>
    <ClInclude Include="base\Audio.h">
      <Filter>base</Filter>
    </ClInclude>
    <ClInclude Include="2d\DebugText.h">
      <Filter>base</Filter>
    </ClInclude>
    <ClInclude Include="base\DirectXCommon.h">
      <Filter>base</Filter>
    </ClInclude>
    <ClInclude Include="base\Input.h">
      <Filter>base</Filter>
    </ClInclude>
    <ClInclude Include="base\WinApp.h">
      <Filter>base</Filter>
    </ClInclude>
    <ClInclude Include="collision\BaseCollider.h">
      <Filter>collision</Filter>
    </ClInclude>
    <ClInclude Include="collision\Collision.h">
      <Filter>collision</Filter>
    </ClInclude>
    <ClInclude Include="collision\CollisionInfo.h">
      <Filter>collision</Filter>
    </ClInclude>
    <ClInclude Include="collision\CollisionPrimitive.h">
      <Filter>collision</Filter>
    </ClInclude>
    <ClInclude Include="collision\CollisionTypes.h">
      <Filter>collision</Filter>
    </ClInclude>
    <ClInclude Include="3d\Material.h">
      <Filter>3d</Filter>
    </ClInclude>
    <ClInclude Include="3d\Mesh.h">
      <Filter>3d</Filter>
    </ClInclude>
    <ClInclude Include="3d\Model.h">
      <Filter>3d</Filter>
    </ClInclude>
    <ClInclude Include="3d\Object3d.h">
      <Filter>3d</Filter>
    </ClInclude>
    <ClInclude Include="scene\GamePlayScene.h">
      <Filter>main</Filter>
    </ClInclude>
    <ClInclude Include="scene\TisGame.h">
      <Filter>main</Filter>
    </ClInclude>
    <ClInclude Include="scene\TitleScene.h">
      <Filter>main</Filter>
    </ClInclude>
    <ClInclude Include="imgui\imconfig.h">
      <Filter>Imgui</Filter>
    </ClInclude>
    <ClInclude Include="imgui\imgui.h">
      <Filter>Imgui</Filter>
    </ClInclude>
    <ClInclude Include="imgui\imgui_impl_dx12.h">
      <Filter>Imgui</Filter>
    </ClInclude>
    <ClInclude Include="imgui\imgui_impl_win32.h">
      <Filter>Imgui</Filter>
    </ClInclude>
    <ClInclude Include="imgui\imgui_internal.h">
      <Filter>Imgui</Filter>
    </ClInclude>
    <ClInclude Include="imgui\imstb_rectpack.h">
      <Filter>Imgui</Filter>
    </ClInclude>
    <ClInclude Include="imgui\imstb_textedit.h">
      <Filter>Imgui</Filter>
    </ClInclude>
    <ClInclude Include="imgui\imstb_truetype.h">
      <Filter>Imgui</Filter>
    </ClInclude>
    <ClInclude Include="2d\Sprite.h">
      <Filter>2d</Filter>
    </ClInclude>
    <ClInclude Include="base\Easing.h">
      <Filter>base</Filter>
    </ClInclude>
  </ItemGroup>
  <ItemGroup>
    <None Include="Resources\shaders\Basic.hlsli">
      <Filter>シェーダーファイル</Filter>
    </None>
    <None Include="Resources\shaders\Sprite.hlsli">
      <Filter>シェーダーファイル</Filter>
    </None>
    <None Include="Resources\shaders\OBJShaderHeader.hlsli">
      <Filter>シェーダーファイル</Filter>
    </None>
    <None Include="imgui\imgui.vcxproj">
      <Filter>Imgui</Filter>
    </None>
    <None Include="imgui\imgui.vcxproj.filters">
      <Filter>Imgui</Filter>
    </None>
  </ItemGroup>
  <ItemGroup>
    <FxCompile Include="Resources\shaders\BasicPS.hlsl">
      <Filter>シェーダーファイル</Filter>
    </FxCompile>
    <FxCompile Include="Resources\shaders\BasicVS.hlsl">
      <Filter>シェーダーファイル</Filter>
    </FxCompile>
    <FxCompile Include="Resources\shaders\SpritePS.hlsl">
      <Filter>シェーダーファイル</Filter>
    </FxCompile>
    <FxCompile Include="Resources\shaders\SpriteVS.hlsl">
      <Filter>シェーダーファイル</Filter>
    </FxCompile>
    <FxCompile Include="Resources\shaders\OBJPixelShader.hlsl">
      <Filter>シェーダーファイル</Filter>
    </FxCompile>
    <FxCompile Include="Resources\shaders\OBJVertexShader.hlsl">
      <Filter>シェーダーファイル</Filter>
    </FxCompile>
  </ItemGroup>
</Project>